Microsoft Visual Studio Solution File, Format Version 12.00
# Visual Studio Version 17
VisualStudioVersion = 17.5.2.0
MinimumVisualStudioVersion = 10.0.40219.1
Project("{FAE04EC0-301F-11D3-BF4B-00C04F79EFBC}") = "MunicipalApi", "MunicipalApi.csproj", "{1781254F-1F17-7ABA-57B7-CCA4AB1FBAFC}"
EndProject
Global
	GlobalSection(SolutionConfigurationPlatforms) = preSolution
		Debug|Any CPU = Debug|Any CPU
		Release|Any CPU = Release|Any CPU
	EndGlobalSection
	GlobalSection(ProjectConfigurationPlatforms) = postSolution
		{1781254F-1F17-7ABA-57B7-CCA4AB1FBAFC}.Debug|Any CPU.ActiveCfg = Debug|Any CPU
		{1781254F-1F17-7ABA-57B7-CCA4AB1FBAFC}.Debug|Any CPU.Build.0 = Debug|Any CPU
		{1781254F-1F17-7ABA-57B7-CCA4AB1FBAFC}.Release|Any CPU.ActiveCfg = Release|Any CPU
		{1781254F-1F17-7ABA-57B7-CCA4AB1FBAFC}.Release|Any CPU.Build.0 = Release|Any CPU
	EndGlobalSection
	GlobalSection(SolutionProperties) = preSolution
		HideSolutionNode = FALSE
	EndGlobalSection
	GlobalSection(ExtensibilityGlobals) = postSolution
		SolutionGuid = {B609AECC-DF01-42E4-BC00-CD7383C9B256}
	EndGlobalSection
EndGlobal
